
Microsoft Visual Studio Solution File, Format Version 12.00
# Visual Studio Version 17
VisualStudioVersion = 17.0.31903.59
MinimumVisualStudioVersion = 10.0.40219.1
Project("{FAE04EC0-301F-11D3-BF4B-00C04F79EFBC}") = "AssistenciaTech.Domain", "src\AssistenciaTech.Domain\AssistenciaTech.Domain.csproj", "{7CA6928A-E8FA-46D9-B1A8-B605E02BF7A0}"
EndProject
Project("{FAE04EC0-301F-11D3-BF4B-00C04F79EFBC}") = "AssistenciaTech.Application", "src\AssistenciaTech.Application\AssistenciaTech.Application.csproj", "{4BA4E181-42D0-4E80-87C2-7936E5BF8E7A}"
EndProject
Project("{FAE04EC0-301F-11D3-BF4B-00C04F79EFBC}") = "AssistenciaTech.Infrastructure", "src\AssistenciaTech.Infrastructure\AssistenciaTech.Infrastructure.csproj", "{B8D8F481-9AC1-4190-8EC1-E72F0174092E}"
EndProject
Project("{2150E333-8FDC-42A3-9474-1A3956D46DE8}") = "tests", "tests", "{0AB3BF05-4346-4AA6-1389-037BE0695223}"
EndProject
Project("{FAE04EC0-301F-11D3-BF4B-00C04F79EFBC}") = "AssistenciaTech.Domain.Tests", "tests\AssistenciaTech.Domain.Tests\AssistenciaTech.Domain.Tests.csproj", "{968BD8F2-55B1-4221-8CAF-65CD454D894C}"
EndProject
Project("{FAE04EC0-301F-11D3-BF4B-00C04F79EFBC}") = "AssistenciaTech.Application.Tests", "tests\AssistenciaTech.Application.Tests\AssistenciaTech.Application.Tests.csproj", "{F493E303-B6C9-4BAE-A7B5-D6A4D9BA1894}"
EndProject
Project("{FAE04EC0-301F-11D3-BF4B-00C04F79EFBC}") = "AssistenciaTech", "AssistenciaTech.csproj", "{D763EB5C-D9E0-4F28-BA4A-25F399C98684}"
EndProject
Project("{FAE04EC0-301F-11D3-BF4B-00C04F79EFBC}") = "AssistenciaTech.Data.Tests", "tests\AssistenciaTech.Data.Tests\AssistenciaTech.Data.Tests.csproj", "{749284C6-412A-4755-94BF-CF82ACF15B1B}"
EndProject
Global
	GlobalSection(SolutionConfigurationPlatforms) = preSolution
		Debug|Any CPU = Debug|Any CPU
		Debug|x64 = Debug|x64
		Debug|x86 = Debug|x86
		Release|Any CPU = Release|Any CPU
		Release|x64 = Release|x64
		Release|x86 = Release|x86
	EndGlobalSection
	GlobalSection(ProjectConfigurationPlatforms) = postSolution
		{7CA6928A-E8FA-46D9-B1A8-B605E02BF7A0}.Debug|Any CPU.ActiveCfg = Debug|Any CPU
		{7CA6928A-E8FA-46D9-B1A8-B605E02BF7A0}.Debug|Any CPU.Build.0 = Debug|Any CPU
		{7CA6928A-E8FA-46D9-B1A8-B605E02BF7A0}.Debug|x64.ActiveCfg = Debug|Any CPU
		{7CA6928A-E8FA-46D9-B1A8-B605E02BF7A0}.Debug|x64.Build.0 = Debug|Any CPU
		{7CA6928A-E8FA-46D9-B1A8-B605E02BF7A0}.Debug|x86.ActiveCfg = Debug|Any CPU
		{7CA6928A-E8FA-46D9-B1A8-B605E02BF7A0}.Debug|x86.Build.0 = Debug|Any CPU
		{7CA6928A-E8FA-46D9-B1A8-B605E02BF7A0}.Release|Any CPU.ActiveCfg = Release|Any CPU
		{7CA6928A-E8FA-46D9-B1A8-B605E02BF7A0}.Release|Any CPU.Build.0 = Release|Any CPU
		{7CA6928A-E8FA-46D9-B1A8-B605E02BF7A0}.Release|x64.ActiveCfg = Release|Any CPU
		{7CA6928A-E8FA-46D9-B1A8-B605E02BF7A0}.Release|x64.Build.0 = Release|Any CPU
		{7CA6928A-E8FA-46D9-B1A8-B605E02BF7A0}.Release|x86.ActiveCfg = Release|Any CPU
		{7CA6928A-E8FA-46D9-B1A8-B605E02BF7A0}.Release|x86.Build.0 = Release|Any CPU
		{4BA4E181-42D0-4E80-87C2-7936E5BF8E7A}.Debug|Any CPU.ActiveCfg = Debug|Any CPU
		{4BA4E181-42D0-4E80-87C2-7936E5BF8E7A}.Debug|Any CPU.Build.0 = Debug|Any CPU
		{4BA4E181-42D0-4E80-87C2-7936E5BF8E7A}.Debug|x64.ActiveCfg = Debug|Any CPU
		{4BA4E181-42D0-4E80-87C2-7936E5BF8E7A}.Debug|x64.Build.0 = Debug|Any CPU
		{4BA4E181-42D0-4E80-87C2-7936E5BF8E7A}.Debug|x86.ActiveCfg = Debug|Any CPU
		{4BA4E181-42D0-4E80-87C2-7936E5BF8E7A}.Debug|x86.Build.0 = Debug|Any CPU
		{4BA4E181-42D0-4E80-87C2-7936E5BF8E7A}.Release|Any CPU.ActiveCfg = Release|Any CPU
		{4BA4E181-42D0-4E80-87C2-7936E5BF8E7A}.Release|Any CPU.Build.0 = Release|Any CPU
		{4BA4E181-42D0-4E80-87C2-7936E5BF8E7A}.Release|x64.ActiveCfg = Release|Any CPU
		{4BA4E181-42D0-4E80-87C2-7936E5BF8E7A}.Release|x64.Build.0 = Release|Any CPU
		{4BA4E181-42D0-4E80-87C2-7936E5BF8E7A}.Release|x86.ActiveCfg = Release|Any CPU
		{4BA4E181-42D0-4E80-87C2-7936E5BF8E7A}.Release|x86.Build.0 = Release|Any CPU
		{B8D8F481-9AC1-4190-8EC1-E72F0174092E}.Debug|Any CPU.ActiveCfg = Debug|Any CPU
		{B8D8F481-9AC1-4190-8EC1-E72F0174092E}.Debug|Any CPU.Build.0 = Debug|Any CPU
		{B8D8F481-9AC1-4190-8EC1-E72F0174092E}.Debug|x64.ActiveCfg = Debug|Any CPU
		{B8D8F481-9AC1-4190-8EC1-E72F0174092E}.Debug|x64.Build.0 = Debug|Any CPU
		{B8D8F481-9AC1-4190-8EC1-E72F0174092E}.Debug|x86.ActiveCfg = Debug|Any CPU
		{B8D8F481-9AC1-4190-8EC1-E72F0174092E}.Debug|x86.Build.0 = Debug|Any CPU
		{B8D8F481-9AC1-4190-8EC1-E72F0174092E}.Release|Any CPU.ActiveCfg = Release|Any CPU
		{B8D8F481-9AC1-4190-8EC1-E72F0174092E}.Release|Any CPU.Build.0 = Release|Any CPU
		{B8D8F481-9AC1-4190-8EC1-E72F0174092E}.Release|x64.ActiveCfg = Release|Any CPU
		{B8D8F481-9AC1-4190-8EC1-E72F0174092E}.Release|x64.Build.0 = Release|Any CPU
		{B8D8F481-9AC1-4190-8EC1-E72F0174092E}.Release|x86.ActiveCfg = Release|Any CPU
		{B8D8F481-9AC1-4190-8EC1-E72F0174092E}.Release|x86.Build.0 = Release|Any CPU
		{968BD8F2-55B1-4221-8CAF-65CD454D894C}.Debug|Any CPU.ActiveCfg = Debug|Any CPU
		{968BD8F2-55B1-4221-8CAF-65CD454D894C}.Debug|Any CPU.Build.0 = Debug|Any CPU
		{968BD8F2-55B1-4221-8CAF-65CD454D894C}.Debug|x64.ActiveCfg = Debug|Any CPU
		{968BD8F2-55B1-4221-8CAF-65CD454D894C}.Debug|x64.Build.0 = Debug|Any CPU
		{968BD8F2-55B1-4221-8CAF-65CD454D894C}.Debug|x86.ActiveCfg = Debug|Any CPU
		{968BD8F2-55B1-4221-8CAF-65CD454D894C}.Debug|x86.Build.0 = Debug|Any CPU
		{968BD8F2-55B1-4221-8CAF-65CD454D894C}.Release|Any CPU.ActiveCfg = Release|Any CPU
		{968BD8F2-55B1-4221-8CAF-65CD454D894C}.Release|Any CPU.Build.0 = Release|Any CPU
		{968BD8F2-55B1-4221-8CAF-65CD454D894C}.Release|x64.ActiveCfg = Release|Any CPU
		{968BD8F2-55B1-4221-8CAF-65CD454D894C}.Release|x64.Build.0 = Release|Any CPU
		{968BD8F2-55B1-4221-8CAF-65CD454D894C}.Release|x86.ActiveCfg = Release|Any CPU
		{968BD8F2-55B1-4221-8CAF-65CD454D894C}.Release|x86.Build.0 = Release|Any CPU
		{F493E303-B6C9-4BAE-A7B5-D6A4D9BA1894}.Debug|Any CPU.ActiveCfg = Debug|Any CPU
		{F493E303-B6C9-4BAE-A7B5-D6A4D9BA1894}.Debug|Any CPU.Build.0 = Debug|Any CPU
		{F493E303-B6C9-4BAE-A7B5-D6A4D9BA1894}.Debug|x64.ActiveCfg = Debug|Any CPU
		{F493E303-B6C9-4BAE-A7B5-D6A4D9BA1894}.Debug|x64.Build.0 = Debug|Any CPU
		{F493E303-B6C9-4BAE-A7B5-D6A4D9BA1894}.Debug|x86.ActiveCfg = Debug|Any CPU
		{F493E303-B6C9-4BAE-A7B5-D6A4D9BA1894}.Debug|x86.Build.0 = Debug|Any CPU
		{F493E303-B6C9-4BAE-A7B5-D6A4D9BA1894}.Release|Any CPU.ActiveCfg = Release|Any CPU
		{F493E303-B6C9-4BAE-A7B5-D6A4D9BA1894}.Release|Any CPU.Build.0 = Release|Any CPU
		{F493E303-B6C9-4BAE-A7B5-D6A4D9BA1894}.Release|x64.ActiveCfg = Release|Any CPU
		{F493E303-B6C9-4BAE-A7B5-D6A4D9BA1894}.Release|x64.Build.0 = Release|Any CPU
		{F493E303-B6C9-4BAE-A7B5-D6A4D9BA1894}.Release|x86.ActiveCfg = Release|Any CPU
		{F493E303-B6C9-4BAE-A7B5-D6A4D9BA1894}.Release|x86.Build.0 = Release|Any CPU
		{D763EB5C-D9E0-4F28-BA4A-25F399C98684}.Debug|Any CPU.ActiveCfg = Debug|Any CPU
		{D763EB5C-D9E0-4F28-BA4A-25F399C98684}.Debug|Any CPU.Build.0 = Debug|Any CPU
		{D763EB5C-D9E0-4F28-BA4A-25F399C98684}.Debug|x64.ActiveCfg = Debug|Any CPU
		{D763EB5C-D9E0-4F28-BA4A-25F399C98684}.Debug|x64.Build.0 = Debug|Any CPU
		{D763EB5C-D9E0-4F28-BA4A-25F399C98684}.Debug|x86.ActiveCfg = Debug|Any CPU
		{D763EB5C-D9E0-4F28-BA4A-25F399C98684}.Debug|x86.Build.0 = Debug|Any CPU
		{D763EB5C-D9E0-4F28-BA4A-25F399C98684}.Release|Any CPU.ActiveCfg = Release|Any CPU
		{D763EB5C-D9E0-4F28-BA4A-25F399C98684}.Release|Any CPU.Build.0 = Release|Any CPU
		{D763EB5C-D9E0-4F28-BA4A-25F399C98684}.Release|x64.ActiveCfg = Release|Any CPU
		{D763EB5C-D9E0-4F28-BA4A-25F399C98684}.Release|x64.Build.0 = Release|Any CPU
		{D763EB5C-D9E0-4F28-BA4A-25F399C98684}.Release|x86.ActiveCfg = Release|Any CPU
		{D763EB5C-D9E0-4F28-BA4A-25F399C98684}.Release|x86.Build.0 = Release|Any CPU
		{749284C6-412A-4755-94BF-CF82ACF15B1B}.Debug|Any CPU.ActiveCfg = Debug|Any CPU
		{749284C6-412A-4755-94BF-CF82ACF15B1B}.Debug|Any CPU.Build.0 = Debug|Any CPU
		{749284C6-412A-4755-94BF-CF82ACF15B1B}.Debug|x64.ActiveCfg = Debug|Any CPU
		{749284C6-412A-4755-94BF-CF82ACF15B1B}.Debug|x64.Build.0 = Debug|Any CPU
		{749284C6-412A-4755-94BF-CF82ACF15B1B}.Debug|x86.ActiveCfg = Debug|Any CPU
		{749284C6-412A-4755-94BF-CF82ACF15B1B}.Debug|x86.Build.0 = Debug|Any CPU
		{749284C6-412A-4755-94BF-CF82ACF15B1B}.Release|Any CPU.ActiveCfg = Release|Any CPU
		{749284C6-412A-4755-94BF-CF82ACF15B1B}.Release|Any CPU.Build.0 = Release|Any CPU
		{749284C6-412A-4755-94BF-CF82ACF15B1B}.Release|x64.ActiveCfg = Release|Any CPU
		{749284C6-412A-4755-94BF-CF82ACF15B1B}.Release|x64.Build.0 = Release|Any CPU
		{749284C6-412A-4755-94BF-CF82ACF15B1B}.Release|x86.ActiveCfg = Release|Any CPU
		{749284C6-412A-4755-94BF-CF82ACF15B1B}.Release|x86.Build.0 = Release|Any CPU
	EndGlobalSection
	GlobalSection(SolutionProperties) = preSolution
		HideSolutionNode = FALSE
	EndGlobalSection
	GlobalSection(NestedProjects) = preSolution
		{968BD8F2-55B1-4221-8CAF-65CD454D894C} = {0AB3BF05-4346-4AA6-1389-037BE0695223}
		{F493E303-B6C9-4BAE-A7B5-D6A4D9BA1894} = {0AB3BF05-4346-4AA6-1389-037BE0695223}
		{749284C6-412A-4755-94BF-CF82ACF15B1B} = {0AB3BF05-4346-4AA6-1389-037BE0695223}
	EndGlobalSection
EndGlobal
